
Microsoft Visual Studio Solution File, Format Version 12.00
# Visual Studio Version 17
VisualStudioVersion = 17.12.35707.178 d17.12
MinimumVisualStudioVersion = 10.0.40219.1
Project("{FAE04EC0-301F-11D3-BF4B-00C04F79EFBC}") = "ServiceOrder", "ServiceOrder\ServiceOrder.csproj", "{E2D4277A-E1F4-4D73-9FE9-4FF7D90C1C61}"
EndProject
Project("{FAE04EC0-301F-11D3-BF4B-00C04F79EFBC}") = "ServiceOrder.Domain", "ServiceOrder.Domain\ServiceOrder.Domain.csproj", "{8DD8C587-556D-4DEA-AA44-F6B98AE56591}"
EndProject
Project("{FAE04EC0-301F-11D3-BF4B-00C04F79EFBC}") = "ServiceOrder.Repository", "ServiceOrder.Repository\ServiceOrder.Repository.csproj", "{34D3A7B6-C8B1-4085-BD09-DCB1101B2E5D}"
EndProject
Project("{FAE04EC0-301F-11D3-BF4B-00C04F79EFBC}") = "ServiceOrder.Services", "ServiceOrder.Application\ServiceOrder.Services.csproj", "{BCF65967-2B65-4D90-AA4A-9C787C6F7908}"
EndProject
Project("{FAE04EC0-301F-11D3-BF4B-00C04F79EFBC}") = "ServiceOrder.IoC", "ServiceOrder.IoC\ServiceOrder.IoC.csproj", "{8A50C3B6-4099-4286-A51D-AD9E4AA7A29E}"
EndProject
Global
	GlobalSection(SolutionConfigurationPlatforms) = preSolution
		Debug|Any CPU = Debug|Any CPU
		Release|Any CPU = Release|Any CPU
	EndGlobalSection
	GlobalSection(ProjectConfigurationPlatforms) = postSolution
		{E2D4277A-E1F4-4D73-9FE9-4FF7D90C1C61}.Debug|Any CPU.ActiveCfg = Debug|Any CPU
		{E2D4277A-E1F4-4D73-9FE9-4FF7D90C1C61}.Debug|Any CPU.Build.0 = Debug|Any CPU
		{E2D4277A-E1F4-4D73-9FE9-4FF7D90C1C61}.Release|Any CPU.ActiveCfg = Release|Any CPU
		{E2D4277A-E1F4-4D73-9FE9-4FF7D90C1C61}.Release|Any CPU.Build.0 = Release|Any CPU
		{8DD8C587-556D-4DEA-AA44-F6B98AE56591}.Debug|Any CPU.ActiveCfg = Debug|Any CPU
		{8DD8C587-556D-4DEA-AA44-F6B98AE56591}.Debug|Any CPU.Build.0 = Debug|Any CPU
		{8DD8C587-556D-4DEA-AA44-F6B98AE56591}.Release|Any CPU.ActiveCfg = Release|Any CPU
		{8DD8C587-556D-4DEA-AA44-F6B98AE56591}.Release|Any CPU.Build.0 = Release|Any CPU
		{34D3A7B6-C8B1-4085-BD09-DCB1101B2E5D}.Debug|Any CPU.ActiveCfg = Debug|Any CPU
		{34D3A7B6-C8B1-4085-BD09-DCB1101B2E5D}.Debug|Any CPU.Build.0 = Debug|Any CPU
		{34D3A7B6-C8B1-4085-BD09-DCB1101B2E5D}.Release|Any CPU.ActiveCfg = Release|Any CPU
		{34D3A7B6-C8B1-4085-BD09-DCB1101B2E5D}.Release|Any CPU.Build.0 = Release|Any CPU
		{BCF65967-2B65-4D90-AA4A-9C787C6F7908}.Debug|Any CPU.ActiveCfg = Debug|Any CPU
		{BCF65967-2B65-4D90-AA4A-9C787C6F7908}.Debug|Any CPU.Build.0 = Debug|Any CPU
		{BCF65967-2B65-4D90-AA4A-9C787C6F7908}.Release|Any CPU.ActiveCfg = Release|Any CPU
		{BCF65967-2B65-4D90-AA4A-9C787C6F7908}.Release|Any CPU.Build.0 = Release|Any CPU
		{8A50C3B6-4099-4286-A51D-AD9E4AA7A29E}.Debug|Any CPU.ActiveCfg = Debug|Any CPU
		{8A50C3B6-4099-4286-A51D-AD9E4AA7A29E}.Debug|Any CPU.Build.0 = Debug|Any CPU
		{8A50C3B6-4099-4286-A51D-AD9E4AA7A29E}.Release|Any CPU.ActiveCfg = Release|Any CPU
		{8A50C3B6-4099-4286-A51D-AD9E4AA7A29E}.Release|Any CPU.Build.0 = Release|Any CPU
	EndGlobalSection
	GlobalSection(SolutionProperties) = preSolution
		HideSolutionNode = FALSE
	EndGlobalSection
EndGlobal
